
Microsoft Visual Studio Solution File, Format Version 12.00
# Visual Studio Version 17
VisualStudioVersion = 17.13.35931.197 d17.13
MinimumVisualStudioVersion = 10.0.40219.1
Project("{FAE04EC0-301F-11D3-BF4B-00C04F79EFBC}") = "OracleSqlPortal", "OracleSqlPortal.csproj", "{1E66ECD5-2D01-441C-AA1B-580F1689D47C}"
EndProject
Global
	GlobalSection(SolutionConfigurationPlatforms) = preSolution
		Debug|Any CPU = Debug|Any CPU
		Release|Any CPU = Release|Any CPU
	EndGlobalSection
	GlobalSection(ProjectConfigurationPlatforms) = postSolution
		{1E66ECD5-2D01-441C-AA1B-580F1689D47C}.Debug|Any CPU.ActiveCfg = Debug|Any CPU
		{1E66ECD5-2D01-441C-AA1B-580F1689D47C}.Debug|Any CPU.Build.0 = Debug|Any CPU
		{1E66ECD5-2D01-441C-AA1B-580F1689D47C}.Release|Any CPU.ActiveCfg = Release|Any CPU
		{1E66ECD5-2D01-441C-AA1B-580F1689D47C}.Release|Any CPU.Build.0 = Release|Any CPU
	EndGlobalSection
	GlobalSection(SolutionProperties) = preSolution
		HideSolutionNode = FALSE
	EndGlobalSection
	GlobalSection(ExtensibilityGlobals) = postSolution
		SolutionGuid = {FA15B43F-3304-4C81-98AB-D4D97E25B18F}
	EndGlobalSection
EndGlobal
